
Microsoft Visual Studio Solution File, Format Version 12.00
# Visual Studio 15
VisualStudioVersion = 15.0.26430.16
MinimumVisualStudioVersion = 10.0.40219.1
Project("{8BC9CEB8-8B4A-11D0-8D11-00A0C91BC942}") = "Server", "Server\MultiThreadedServer.vcxproj", "{DD85959D-42C1-42A4-998C-2B09DA271FC1}"
EndProject
Project("{8BC9CEB8-8B4A-11D0-8D11-00A0C91BC942}") = "Client", "Client\Client.vcxproj", "{E90FF937-FEBA-40A9-B1A8-1C7C6F5F031A}"
EndProject
Project("{2150E333-8FDC-42A3-9474-1A3956D46DE8}") = "common", "common", "{E9DBA831-CDDD-42C0-8505-FB0FB62C2820}"
	ProjectSection(SolutionItems) = preProject
		common\common.h = common\common.h
	EndProjectSection
EndProject
Global
	GlobalSection(SolutionConfigurationPlatforms) = preSolution
		Debug|x64 = Debug|x64
		Debug|x86 = Debug|x86
		Release|x64 = Release|x64
		Release|x86 = Release|x86
	EndGlobalSection
	GlobalSection(ProjectConfigurationPlatforms) = postSolution
		{DD85959D-42C1-42A4-998C-2B09DA271FC1}.Debug|x64.ActiveCfg = Debug|x64
		{DD85959D-42C1-42A4-998C-2B09DA271FC1}.Debug|x64.Build.0 = Debug|x64
		{DD85959D-42C1-42A4-998C-2B09DA271FC1}.Debug|x86.ActiveCfg = Debug|Win32
		{DD85959D-42C1-42A4-998C-2B09DA271FC1}.Debug|x86.Build.0 = Debug|Win32
		{DD85959D-42C1-42A4-998C-2B09DA271FC1}.Release|x64.ActiveCfg = Release|x64
		{DD85959D-42C1-42A4-998C-2B09DA271FC1}.Release|x64.Build.0 = Release|x64
		{DD85959D-42C1-42A4-998C-2B09DA271FC1}.Release|x86.ActiveCfg = Release|Win32
		{DD85959D-42C1-42A4-998C-2B09DA271FC1}.Release|x86.Build.0 = Release|Win32
		{E90FF937-FEBA-40A9-B1A8-1C7C6F5F031A}.Debug|x64.ActiveCfg = Debug|x64
		{E90FF937-FEBA-40A9-B1A8-1C7C6F5F031A}.Debug|x64.Build.0 = Debug|x64
		{E90FF937-FEBA-40A9-B1A8-1C7C6F5F031A}.Debug|x86.ActiveCfg = Debug|Win32
		{E90FF937-FEBA-40A9-B1A8-1C7C6F5F031A}.Debug|x86.Build.0 = Debug|Win32
		{E90FF937-FEBA-40A9-B1A8-1C7C6F5F031A}.Release|x64.ActiveCfg = Release|x64
		{E90FF937-FEBA-40A9-B1A8-1C7C6F5F031A}.Release|x64.Build.0 = Release|x64
		{E90FF937-FEBA-40A9-B1A8-1C7C6F5F031A}.Release|x86.ActiveCfg = Release|Win32
		{E90FF937-FEBA-40A9-B1A8-1C7C6F5F031A}.Release|x86.Build.0 = Release|Win32
	EndGlobalSection
	GlobalSection(SolutionProperties) = preSolution
		HideSolutionNode = FALSE
	EndGlobalSection
EndGlobal
